
Microsoft Visual Studio Solution File, Format Version 12.00
# Visual Studio 14
VisualStudioVersion = 14.0.25420.1
MinimumVisualStudioVersion = 10.0.40219.1
Project("{FAE04EC0-301F-11D3-BF4B-00C04F79EFBC}") = "StartUpWPF", "StartUpWPF\StartUpWPF.csproj", "{B7ED856B-5724-4841-8B02-ADFDC980EE0A}"
EndProject
Project("{FAE04EC0-301F-11D3-BF4B-00C04F79EFBC}") = "ZipReader", "ZipReader\ZipReader.csproj", "{4D2B4978-70CC-4C51-B223-913F077C03C5}"
EndProject
Project("{FAE04EC0-301F-11D3-BF4B-00C04F79EFBC}") = "DataSeeder", "DataSeeder\DataSeeder.csproj", "{92673080-71B5-4ECC-8FE7-D0C6151CCA29}"
EndProject
Project("{FAE04EC0-301F-11D3-BF4B-00C04F79EFBC}") = "CreateSqlDatatbase", "CreateSqlDatatbase\CreateSqlDatatbase.csproj", "{A08060BE-E2F8-4FF6-9A6D-F830E702D510}"
EndProject
Project("{FAE04EC0-301F-11D3-BF4B-00C04F79EFBC}") = "PdfExporter", "PdfExporter\PdfExporter.csproj", "{3AD40B0B-1D8C-4840-9C11-2FA3AAB8105E}"
EndProject
Project("{FAE04EC0-301F-11D3-BF4B-00C04F79EFBC}") = "XmlExporter", "XmlExporter\XmlExporter.csproj", "{3D4CA292-B57C-4C49-A0B9-155219FEAEF0}"
EndProject
Project("{FAE04EC0-301F-11D3-BF4B-00C04F79EFBC}") = "JSONExporter", "JSONExporter\JSONExporter.csproj", "{6FF2DC1B-A060-4715-B046-619A0CEA3FBC}"
EndProject
Project("{FAE04EC0-301F-11D3-BF4B-00C04F79EFBC}") = "XmlImporter", "XmlImporter\XmlImporter.csproj", "{010BACB6-9BCB-4DBF-A3C9-6EE45187BBB2}"
EndProject
Project("{2150E333-8FDC-42A3-9474-1A3956D46DE8}") = "Solution Items", "Solution Items", "{F5396BC9-C60D-4645-A4CE-897069F72AD2}"
	ProjectSection(SolutionItems) = preProject
		XmlToImport.xml = XmlToImport.xml
	EndProjectSection
EndProject
Project("{FAE04EC0-301F-11D3-BF4B-00C04F79EFBC}") = "ExcelExporter", "ExcellExporter\ExcelExporter.csproj", "{6872A4EF-0C83-4AAB-82FD-47FB31FEC849}"
EndProject
Global
	GlobalSection(SolutionConfigurationPlatforms) = preSolution
		Debug|Any CPU = Debug|Any CPU
		Release|Any CPU = Release|Any CPU
	EndGlobalSection
	GlobalSection(ProjectConfigurationPlatforms) = postSolution
		{B7ED856B-5724-4841-8B02-ADFDC980EE0A}.Debug|Any CPU.ActiveCfg = Debug|Any CPU
		{B7ED856B-5724-4841-8B02-ADFDC980EE0A}.Debug|Any CPU.Build.0 = Debug|Any CPU
		{B7ED856B-5724-4841-8B02-ADFDC980EE0A}.Release|Any CPU.ActiveCfg = Release|Any CPU
		{B7ED856B-5724-4841-8B02-ADFDC980EE0A}.Release|Any CPU.Build.0 = Release|Any CPU
		{4D2B4978-70CC-4C51-B223-913F077C03C5}.Debug|Any CPU.ActiveCfg = Debug|Any CPU
		{4D2B4978-70CC-4C51-B223-913F077C03C5}.Debug|Any CPU.Build.0 = Debug|Any CPU
		{4D2B4978-70CC-4C51-B223-913F077C03C5}.Release|Any CPU.ActiveCfg = Release|Any CPU
		{4D2B4978-70CC-4C51-B223-913F077C03C5}.Release|Any CPU.Build.0 = Release|Any CPU
		{92673080-71B5-4ECC-8FE7-D0C6151CCA29}.Debug|Any CPU.ActiveCfg = Debug|Any CPU
		{92673080-71B5-4ECC-8FE7-D0C6151CCA29}.Debug|Any CPU.Build.0 = Debug|Any CPU
		{92673080-71B5-4ECC-8FE7-D0C6151CCA29}.Release|Any CPU.ActiveCfg = Release|Any CPU
		{92673080-71B5-4ECC-8FE7-D0C6151CCA29}.Release|Any CPU.Build.0 = Release|Any CPU
		{A08060BE-E2F8-4FF6-9A6D-F830E702D510}.Debug|Any CPU.ActiveCfg = Debug|Any CPU
		{A08060BE-E2F8-4FF6-9A6D-F830E702D510}.Debug|Any CPU.Build.0 = Debug|Any CPU
		{A08060BE-E2F8-4FF6-9A6D-F830E702D510}.Release|Any CPU.ActiveCfg = Release|Any CPU
		{A08060BE-E2F8-4FF6-9A6D-F830E702D510}.Release|Any CPU.Build.0 = Release|Any CPU
		{3AD40B0B-1D8C-4840-9C11-2FA3AAB8105E}.Debug|Any CPU.ActiveCfg = Debug|Any CPU
		{3AD40B0B-1D8C-4840-9C11-2FA3AAB8105E}.Debug|Any CPU.Build.0 = Debug|Any CPU
		{3AD40B0B-1D8C-4840-9C11-2FA3AAB8105E}.Release|Any CPU.ActiveCfg = Release|Any CPU
		{3AD40B0B-1D8C-4840-9C11-2FA3AAB8105E}.Release|Any CPU.Build.0 = Release|Any CPU
		{3D4CA292-B57C-4C49-A0B9-155219FEAEF0}.Debug|Any CPU.ActiveCfg = Debug|Any CPU
		{3D4CA292-B57C-4C49-A0B9-155219FEAEF0}.Debug|Any CPU.Build.0 = Debug|Any CPU
		{3D4CA292-B57C-4C49-A0B9-155219FEAEF0}.Release|Any CPU.ActiveCfg = Release|Any CPU
		{3D4CA292-B57C-4C49-A0B9-155219FEAEF0}.Release|Any CPU.Build.0 = Release|Any CPU
		{6FF2DC1B-A060-4715-B046-619A0CEA3FBC}.Debug|Any CPU.ActiveCfg = Debug|Any CPU
		{6FF2DC1B-A060-4715-B046-619A0CEA3FBC}.Debug|Any CPU.Build.0 = Debug|Any CPU
		{6FF2DC1B-A060-4715-B046-619A0CEA3FBC}.Release|Any CPU.ActiveCfg = Release|Any CPU
		{6FF2DC1B-A060-4715-B046-619A0CEA3FBC}.Release|Any CPU.Build.0 = Release|Any CPU
		{010BACB6-9BCB-4DBF-A3C9-6EE45187BBB2}.Debug|Any CPU.ActiveCfg = Debug|Any CPU
		{010BACB6-9BCB-4DBF-A3C9-6EE45187BBB2}.Debug|Any CPU.Build.0 = Debug|Any CPU
		{010BACB6-9BCB-4DBF-A3C9-6EE45187BBB2}.Release|Any CPU.ActiveCfg = Release|Any CPU
		{010BACB6-9BCB-4DBF-A3C9-6EE45187BBB2}.Release|Any CPU.Build.0 = Release|Any CPU
		{6872A4EF-0C83-4AAB-82FD-47FB31FEC849}.Debug|Any CPU.ActiveCfg = Debug|Any CPU
		{6872A4EF-0C83-4AAB-82FD-47FB31FEC849}.Debug|Any CPU.Build.0 = Debug|Any CPU
		{6872A4EF-0C83-4AAB-82FD-47FB31FEC849}.Release|Any CPU.ActiveCfg = Release|Any CPU
		{6872A4EF-0C83-4AAB-82FD-47FB31FEC849}.Release|Any CPU.Build.0 = Release|Any CPU
	EndGlobalSection
	GlobalSection(SolutionProperties) = preSolution
		HideSolutionNode = FALSE
	EndGlobalSection
EndGlobal
