
Microsoft Visual Studio Solution File, Format Version 12.00
# Visual Studio 14
VisualStudioVersion = 14.0.25420.1
MinimumVisualStudioVersion = 10.0.40219.1
Project("{FAE04EC0-301F-11D3-BF4B-00C04F79EFBC}") = "StartUpWPF", "StartUpWPF\StartUpWPF.csproj", "{B7ED856B-5724-4841-8B02-ADFDC980EE0A}"
EndProject
Project("{FAE04EC0-301F-11D3-BF4B-00C04F79EFBC}") = "ZipReader", "ZipReader\ZipReader.csproj", "{4D2B4978-70CC-4C51-B223-913F077C03C5}"
EndProject
Project("{FAE04EC0-301F-11D3-BF4B-00C04F79EFBC}") = "DataSeeder", "DataSeeder\DataSeeder.csproj", "{92673080-71B5-4ECC-8FE7-D0C6151CCA29}"
EndProject
Project("{FAE04EC0-301F-11D3-BF4B-00C04F79EFBC}") = "CreateSqlDatatbase", "CreateSqlDatatbase\CreateSqlDatatbase.csproj", "{A08060BE-E2F8-4FF6-9A6D-F830E702D510}"
EndProject
Project("{FAE04EC0-301F-11D3-BF4B-00C04F79EFBC}") = "PdfExporter", "PdfExporter\PdfExporter.csproj", "{3AD40B0B-1D8C-4840-9C11-2FA3AAB8105E}"
EndProject
Global
	GlobalSection(SolutionConfigurationPlatforms) = preSolution
		Debug|Any CPU = Debug|Any CPU
		Release|Any CPU = Release|Any CPU
	EndGlobalSection
	GlobalSection(ProjectConfigurationPlatforms) = postSolution
		{B7ED856B-5724-4841-8B02-ADFDC980EE0A}.Debug|Any CPU.ActiveCfg = Debug|Any CPU
		{B7ED856B-5724-4841-8B02-ADFDC980EE0A}.Debug|Any CPU.Build.0 = Debug|Any CPU
		{B7ED856B-5724-4841-8B02-ADFDC980EE0A}.Release|Any CPU.ActiveCfg = Release|Any CPU
		{B7ED856B-5724-4841-8B02-ADFDC980EE0A}.Release|Any CPU.Build.0 = Release|Any CPU
		{4D2B4978-70CC-4C51-B223-913F077C03C5}.Debug|Any CPU.ActiveCfg = Debug|Any CPU
		{4D2B4978-70CC-4C51-B223-913F077C03C5}.Debug|Any CPU.Build.0 = Debug|Any CPU
		{4D2B4978-70CC-4C51-B223-913F077C03C5}.Release|Any CPU.ActiveCfg = Release|Any CPU
		{4D2B4978-70CC-4C51-B223-913F077C03C5}.Release|Any CPU.Build.0 = Release|Any CPU
		{92673080-71B5-4ECC-8FE7-D0C6151CCA29}.Debug|Any CPU.ActiveCfg = Debug|Any CPU
		{92673080-71B5-4ECC-8FE7-D0C6151CCA29}.Debug|Any CPU.Build.0 = Debug|Any CPU
		{92673080-71B5-4ECC-8FE7-D0C6151CCA29}.Release|Any CPU.ActiveCfg = Release|Any CPU
		{92673080-71B5-4ECC-8FE7-D0C6151CCA29}.Release|Any CPU.Build.0 = Release|Any CPU
		{A08060BE-E2F8-4FF6-9A6D-F830E702D510}.Debug|Any CPU.ActiveCfg = Debug|Any CPU
		{A08060BE-E2F8-4FF6-9A6D-F830E702D510}.Debug|Any CPU.Build.0 = Debug|Any CPU
		{A08060BE-E2F8-4FF6-9A6D-F830E702D510}.Release|Any CPU.ActiveCfg = Release|Any CPU
		{A08060BE-E2F8-4FF6-9A6D-F830E702D510}.Release|Any CPU.Build.0 = Release|Any CPU
		{3AD40B0B-1D8C-4840-9C11-2FA3AAB8105E}.Debug|Any CPU.ActiveCfg = Debug|Any CPU
		{3AD40B0B-1D8C-4840-9C11-2FA3AAB8105E}.Debug|Any CPU.Build.0 = Debug|Any CPU
		{3AD40B0B-1D8C-4840-9C11-2FA3AAB8105E}.Release|Any CPU.ActiveCfg = Release|Any CPU
		{3AD40B0B-1D8C-4840-9C11-2FA3AAB8105E}.Release|Any CPU.Build.0 = Release|Any CPU
	EndGlobalSection
	GlobalSection(SolutionProperties) = preSolution
		HideSolutionNode = FALSE
	EndGlobalSection
EndGlobal
